
Microsoft Visual Studio Solution File, Format Version 12.00
# Visual Studio 15
VisualStudioVersion = 15.0.27130.2010
MinimumVisualStudioVersion = 10.0.40219.1
Project("{FAE04EC0-301F-11D3-BF4B-00C04F79EFBC}") = "PoweredSoft.DynamicLinq", "PoweredSoft.DynamicLinq\PoweredSoft.DynamicLinq.csproj", "{2ABC5A60-B549-4ECD-BEF4-31CA7BA4EF06}"
EndProject
Project("{FAE04EC0-301F-11D3-BF4B-00C04F79EFBC}") = "PoweredSoft.DynamicLinq.Dal", "PoweredSoft.DynamicLinq.Dal\PoweredSoft.DynamicLinq.Dal.csproj", "{C16927E7-1358-4B9D-BDD7-149E505DE6CC}"
EndProject
Project("{FAE04EC0-301F-11D3-BF4B-00C04F79EFBC}") = "PoweredSoft.DynamicLinq.Test", "PoweredSoft.DynamicLinq.Test\PoweredSoft.DynamicLinq.Test.csproj", "{6F5C80F0-9045-4098-913F-7BDAD135E6DD}"
EndProject
Global
	GlobalSection(SolutionConfigurationPlatforms) = preSolution
		Debug|Any CPU = Debug|Any CPU
		Release|Any CPU = Release|Any CPU
	EndGlobalSection
	GlobalSection(ProjectConfigurationPlatforms) = postSolution
		{2ABC5A60-B549-4ECD-BEF4-31CA7BA4EF06}.Debug|Any CPU.ActiveCfg = Debug|Any CPU
		{2ABC5A60-B549-4ECD-BEF4-31CA7BA4EF06}.Debug|Any CPU.Build.0 = Debug|Any CPU
		{2ABC5A60-B549-4ECD-BEF4-31CA7BA4EF06}.Release|Any CPU.ActiveCfg = Release|Any CPU
		{2ABC5A60-B549-4ECD-BEF4-31CA7BA4EF06}.Release|Any CPU.Build.0 = Release|Any CPU
		{C16927E7-1358-4B9D-BDD7-149E505DE6CC}.Debug|Any CPU.ActiveCfg = Debug|Any CPU
		{C16927E7-1358-4B9D-BDD7-149E505DE6CC}.Debug|Any CPU.Build.0 = Debug|Any CPU
		{C16927E7-1358-4B9D-BDD7-149E505DE6CC}.Release|Any CPU.ActiveCfg = Release|Any CPU
		{C16927E7-1358-4B9D-BDD7-149E505DE6CC}.Release|Any CPU.Build.0 = Release|Any CPU
		{6F5C80F0-9045-4098-913F-7BDAD135E6DD}.Debug|Any CPU.ActiveCfg = Debug|Any CPU
		{6F5C80F0-9045-4098-913F-7BDAD135E6DD}.Debug|Any CPU.Build.0 = Debug|Any CPU
		{6F5C80F0-9045-4098-913F-7BDAD135E6DD}.Release|Any CPU.ActiveCfg = Release|Any CPU
		{6F5C80F0-9045-4098-913F-7BDAD135E6DD}.Release|Any CPU.Build.0 = Release|Any CPU
	EndGlobalSection
	GlobalSection(SolutionProperties) = preSolution
		HideSolutionNode = FALSE
	EndGlobalSection
	GlobalSection(ExtensibilityGlobals) = postSolution
		SolutionGuid = {DC29EF19-8131-41DC-943F-813CF103F7E9}
	EndGlobalSection
EndGlobal
